// !$*UTF8*$!
{
	archiveVersion = 1;
	classes = {
	};
	objectVersion = 56;
	objects = {

/* Begin PBXBuildFile section */
		AA20FAD32C7934C5003A4B47 /* Main.swift in Sources */ = {isa = PBXBuildFile; fileRef = AA20FAD22C7934C5003A4B47 /* Main.swift */; };
		AA20FADC2C7934C6003A4B47 /* Preview Assets.xcassets in Resources */ = {isa = PBXBuildFile; fileRef = AA20FADB2C7934C6003A4B47 /* Preview Assets.xcassets */; };
		AA24E2162C79D65B0027FD24 /* UsageStatisticsView.swift in Sources */ = {isa = PBXBuildFile; fileRef = AA24E2152C79D65B0027FD24 /* UsageStatisticsView.swift */; };
		AA24E2182C79EA0A0027FD24 /* TimeUtils.swift in Sources */ = {isa = PBXBuildFile; fileRef = AA24E2172C79EA0A0027FD24 /* TimeUtils.swift */; };
		AA24E21A2C79EBFE0027FD24 /* AppState.swift in Sources */ = {isa = PBXBuildFile; fileRef = AA24E2192C79EBFE0027FD24 /* AppState.swift */; };
		AA24E2202C7A85B60027FD24 /* AppDelegate.swift in Sources */ = {isa = PBXBuildFile; fileRef = AA24E21F2C7A85B60027FD24 /* AppDelegate.swift */; };
		AA24E2222C7A93250027FD24 /* ColorUtils.swift in Sources */ = {isa = PBXBuildFile; fileRef = AA24E2212C7A93250027FD24 /* ColorUtils.swift */; };
		AA343D562C7E6C3D007C818F /* RuleService.swift in Sources */ = {isa = PBXBuildFile; fileRef = AA343D552C7E6C3D007C818F /* RuleService.swift */; };
		AA343D592C7E6C74007C818F /* PersistenceManaging.swift in Sources */ = {isa = PBXBuildFile; fileRef = AA343D582C7E6C74007C818F /* PersistenceManaging.swift */; };
		AA343D5B2C7E7195007C818F /* JSONPersistenceManager.swift in Sources */ = {isa = PBXBuildFile; fileRef = AA343D5A2C7E7195007C818F /* JSONPersistenceManager.swift */; };
		AA343D5F2C7E73EF007C818F /* AppUsage.swift in Sources */ = {isa = PBXBuildFile; fileRef = AA343D5E2C7E73EF007C818F /* AppUsage.swift */; };
		AA4726A42C7F1C4D00D1B735 /* OverlayWindow.swift in Sources */ = {isa = PBXBuildFile; fileRef = AA4726A32C7F1C4D00D1B735 /* OverlayWindow.swift */; };
		AA490F592C83BF66007678F4 /* OverlayWindowDelegate.swift in Sources */ = {isa = PBXBuildFile; fileRef = AA490F582C83BF66007678F4 /* OverlayWindowDelegate.swift */; };
		AA490F5B2C83C028007678F4 /* SettingsViewModel.swift in Sources */ = {isa = PBXBuildFile; fileRef = AA490F5A2C83C028007678F4 /* SettingsViewModel.swift */; };
		AA490F5D2C83C0D1007678F4 /* TimeLimit.swift in Sources */ = {isa = PBXBuildFile; fileRef = AA490F5C2C83C0D1007678F4 /* TimeLimit.swift */; };
		AA490F5F2C83C0E0007678F4 /* Schedule.swift in Sources */ = {isa = PBXBuildFile; fileRef = AA490F5E2C83C0E0007678F4 /* Schedule.swift */; };
		AA490F612C83C169007678F4 /* UsageStatisticsViewModel.swift in Sources */ = {isa = PBXBuildFile; fileRef = AA490F602C83C169007678F4 /* UsageStatisticsViewModel.swift */; };
		AA490F672C83C224007678F4 /* RuleFormData.swift in Sources */ = {isa = PBXBuildFile; fileRef = AA490F662C83C224007678F4 /* RuleFormData.swift */; };
		AA490F692C83C230007678F4 /* RuleType.swift in Sources */ = {isa = PBXBuildFile; fileRef = AA490F682C83C230007678F4 /* RuleType.swift */; };
		AA490F742C83C825007678F4 /* NSImage.swift in Sources */ = {isa = PBXBuildFile; fileRef = AA490F732C83C825007678F4 /* NSImage.swift */; };
		AA84CE6E2C904D0D004BD89E /* HistoricalUsageService.swift in Sources */ = {isa = PBXBuildFile; fileRef = AA84CE6D2C904D0D004BD89E /* HistoricalUsageService.swift */; };
		AA84CE702C905397004BD89E /* AppInfoProvider.swift in Sources */ = {isa = PBXBuildFile; fileRef = AA84CE6F2C905397004BD89E /* AppInfoProvider.swift */; };
		AA8CA34C2C7BBA4000109135 /* AppInfo.swift in Sources */ = {isa = PBXBuildFile; fileRef = AA8CA34B2C7BBA4000109135 /* AppInfo.swift */; };
		AA8CA3512C7BC07600109135 /* SettingsView.swift in Sources */ = {isa = PBXBuildFile; fileRef = AA8CA3502C7BC07600109135 /* SettingsView.swift */; };
		AA8CA3542C7BC0A200109135 /* TrackedApp.swift in Sources */ = {isa = PBXBuildFile; fileRef = AA8CA3532C7BC0A200109135 /* TrackedApp.swift */; };
		AA922C462C80706600526465 /* OverlayContentView.swift in Sources */ = {isa = PBXBuildFile; fileRef = AA922C452C80706600526465 /* OverlayContentView.swift */; };
		AAE3D1752C832B8000D20CB3 /* AppSelector.swift in Sources */ = {isa = PBXBuildFile; fileRef = AAE3D1742C832B8000D20CB3 /* AppSelector.swift */; };
		AAEC56232C79383800B753EF /* UsageTracker.swift in Sources */ = {isa = PBXBuildFile; fileRef = AAEC56222C79383800B753EF /* UsageTracker.swift */; };
		AAEC56252C79389000B753EF /* BlockingService.swift in Sources */ = {isa = PBXBuildFile; fileRef = AAEC56242C79389000B753EF /* BlockingService.swift */; };
		AAEC56292C7938D300B753EF /* ContentView.swift in Sources */ = {isa = PBXBuildFile; fileRef = AAEC56282C7938D300B753EF /* ContentView.swift */; };
		AAF6FF8A2C870B2D00EFCA47 /* RuleFormView.swift in Sources */ = {isa = PBXBuildFile; fileRef = AAF6FF892C870B2D00EFCA47 /* RuleFormView.swift */; };
/* End PBXBuildFile section */

/* Begin PBXFileReference section */
		AA20FACF2C7934C5003A4B47 /* whip.app */ = {isa = PBXFileReference; explicitFileType = wrapper.application; includeInIndex = 0; path = whip.app; sourceTree = BUILT_PRODUCTS_DIR; };
		AA20FAD22C7934C5003A4B47 /* Main.swift */ = {isa = PBXFileReference; lastKnownFileType = sourcecode.swift; path = Main.swift; sourceTree = "<group>"; };
		AA20FADB2C7934C6003A4B47 /* Preview Assets.xcassets */ = {isa = PBXFileReference; lastKnownFileType = folder.assetcatalog; path = "Preview Assets.xcassets"; sourceTree = "<group>"; };
		AA20FADD2C7934C6003A4B47 /* whip.entitlements */ = {isa = PBXFileReference; lastKnownFileType = text.plist.entitlements; path = whip.entitlements; sourceTree = "<group>"; };
		AA24E2152C79D65B0027FD24 /* UsageStatisticsView.swift */ = {isa = PBXFileReference; lastKnownFileType = sourcecode.swift; path = UsageStatisticsView.swift; sourceTree = "<group>"; };
		AA24E2172C79EA0A0027FD24 /* TimeUtils.swift */ = {isa = PBXFileReference; lastKnownFileType = sourcecode.swift; path = TimeUtils.swift; sourceTree = "<group>"; };
		AA24E2192C79EBFE0027FD24 /* AppState.swift */ = {isa = PBXFileReference; lastKnownFileType = sourcecode.swift; path = AppState.swift; sourceTree = "<group>"; };
		AA24E21F2C7A85B60027FD24 /* AppDelegate.swift */ = {isa = PBXFileReference; lastKnownFileType = sourcecode.swift; path = AppDelegate.swift; sourceTree = "<group>"; };
		AA24E2212C7A93250027FD24 /* ColorUtils.swift */ = {isa = PBXFileReference; lastKnownFileType = sourcecode.swift; path = ColorUtils.swift; sourceTree = "<group>"; };
		AA343D552C7E6C3D007C818F /* RuleService.swift */ = {isa = PBXFileReference; lastKnownFileType = sourcecode.swift; path = RuleService.swift; sourceTree = "<group>"; };
		AA343D582C7E6C74007C818F /* PersistenceManaging.swift */ = {isa = PBXFileReference; lastKnownFileType = sourcecode.swift; path = PersistenceManaging.swift; sourceTree = "<group>"; };
		AA343D5A2C7E7195007C818F /* JSONPersistenceManager.swift */ = {isa = PBXFileReference; lastKnownFileType = sourcecode.swift; path = JSONPersistenceManager.swift; sourceTree = "<group>"; };
		AA343D5E2C7E73EF007C818F /* AppUsage.swift */ = {isa = PBXFileReference; lastKnownFileType = sourcecode.swift; path = AppUsage.swift; sourceTree = "<group>"; };
		AA4726A32C7F1C4D00D1B735 /* OverlayWindow.swift */ = {isa = PBXFileReference; lastKnownFileType = sourcecode.swift; path = OverlayWindow.swift; sourceTree = "<group>"; };
		AA490F582C83BF66007678F4 /* OverlayWindowDelegate.swift */ = {isa = PBXFileReference; lastKnownFileType = sourcecode.swift; path = OverlayWindowDelegate.swift; sourceTree = "<group>"; };
		AA490F5A2C83C028007678F4 /* SettingsViewModel.swift */ = {isa = PBXFileReference; lastKnownFileType = sourcecode.swift; path = SettingsViewModel.swift; sourceTree = "<group>"; };
		AA490F5C2C83C0D1007678F4 /* TimeLimit.swift */ = {isa = PBXFileReference; lastKnownFileType = sourcecode.swift; path = TimeLimit.swift; sourceTree = "<group>"; };
		AA490F5E2C83C0E0007678F4 /* Schedule.swift */ = {isa = PBXFileReference; lastKnownFileType = sourcecode.swift; path = Schedule.swift; sourceTree = "<group>"; };
		AA490F602C83C169007678F4 /* UsageStatisticsViewModel.swift */ = {isa = PBXFileReference; lastKnownFileType = sourcecode.swift; path = UsageStatisticsViewModel.swift; sourceTree = "<group>"; };
		AA490F662C83C224007678F4 /* RuleFormData.swift */ = {isa = PBXFileReference; lastKnownFileType = sourcecode.swift; path = RuleFormData.swift; sourceTree = "<group>"; };
		AA490F682C83C230007678F4 /* RuleType.swift */ = {isa = PBXFileReference; lastKnownFileType = sourcecode.swift; path = RuleType.swift; sourceTree = "<group>"; };
		AA490F732C83C825007678F4 /* NSImage.swift */ = {isa = PBXFileReference; lastKnownFileType = sourcecode.swift; path = NSImage.swift; sourceTree = "<group>"; };
		AA84CE6D2C904D0D004BD89E /* HistoricalUsageService.swift */ = {isa = PBXFileReference; lastKnownFileType = sourcecode.swift; path = HistoricalUsageService.swift; sourceTree = "<group>"; };
		AA84CE6F2C905397004BD89E /* AppInfoProvider.swift */ = {isa = PBXFileReference; lastKnownFileType = sourcecode.swift; path = AppInfoProvider.swift; sourceTree = "<group>"; };
		AA8CA34B2C7BBA4000109135 /* AppInfo.swift */ = {isa = PBXFileReference; lastKnownFileType = sourcecode.swift; path = AppInfo.swift; sourceTree = "<group>"; };
		AA8CA3502C7BC07600109135 /* SettingsView.swift */ = {isa = PBXFileReference; lastKnownFileType = sourcecode.swift; path = SettingsView.swift; sourceTree = "<group>"; };
		AA8CA3532C7BC0A200109135 /* TrackedApp.swift */ = {isa = PBXFileReference; lastKnownFileType = sourcecode.swift; path = TrackedApp.swift; sourceTree = "<group>"; };
		AA922C452C80706600526465 /* OverlayContentView.swift */ = {isa = PBXFileReference; lastKnownFileType = sourcecode.swift; path = OverlayContentView.swift; sourceTree = "<group>"; };
		AAD48ABE2C85AA4A00AEEDD4 /* TODO.md */ = {isa = PBXFileReference; lastKnownFileType = net.daringfireball.markdown; name = TODO.md; path = whip/TODO.md; sourceTree = "<group>"; };
		AAE3D1742C832B8000D20CB3 /* AppSelector.swift */ = {isa = PBXFileReference; lastKnownFileType = sourcecode.swift; path = AppSelector.swift; sourceTree = "<group>"; };
		AAEC56222C79383800B753EF /* UsageTracker.swift */ = {isa = PBXFileReference; lastKnownFileType = sourcecode.swift; path = UsageTracker.swift; sourceTree = "<group>"; };
		AAEC56242C79389000B753EF /* BlockingService.swift */ = {isa = PBXFileReference; lastKnownFileType = sourcecode.swift; path = BlockingService.swift; sourceTree = "<group>"; };
		AAEC56282C7938D300B753EF /* ContentView.swift */ = {isa = PBXFileReference; lastKnownFileType = sourcecode.swift; path = ContentView.swift; sourceTree = "<group>"; };
		AAF6FF892C870B2D00EFCA47 /* RuleFormView.swift */ = {isa = PBXFileReference; lastKnownFileType = sourcecode.swift; path = RuleFormView.swift; sourceTree = "<group>"; };
/* End PBXFileReference section */

/* Begin PBXFrameworksBuildPhase section */
		AA20FACC2C7934C5003A4B47 /* Frameworks */ = {
			isa = PBXFrameworksBuildPhase;
			buildActionMask = 2147483647;
			files = (
			);
			runOnlyForDeploymentPostprocessing = 0;
		};
/* End PBXFrameworksBuildPhase section */

/* Begin PBXGroup section */
		AA20FAC62C7934C5003A4B47 = {
			isa = PBXGroup;
			children = (
				AAD48ABE2C85AA4A00AEEDD4 /* TODO.md */,
				AA20FAD12C7934C5003A4B47 /* whip */,
				AA20FAD02C7934C5003A4B47 /* Products */,
			);
			sourceTree = "<group>";
		};
		AA20FAD02C7934C5003A4B47 /* Products */ = {
			isa = PBXGroup;
			children = (
				AA20FACF2C7934C5003A4B47 /* whip.app */,
			);
			name = Products;
			sourceTree = "<group>";
		};
		AA20FAD12C7934C5003A4B47 /* whip */ = {
			isa = PBXGroup;
			children = (
				AA490F752C83C9E1007678F4 /* viewModels */,
				AA490F722C83C817007678F4 /* extensions */,
				AA490F712C83C7BA007678F4 /* utils */,
				AA490F702C83C7A5007678F4 /* uiComponents */,
				AA490F6F2C83C795007678F4 /* storage */,
				AA490F6E2C83C77F007678F4 /* services */,
				AA490F6D2C83C75F007678F4 /* models */,
				AA490F6B2C83C732007678F4 /* views */,
				AA490F6A2C83C71D007678F4 /* core */,
				AA20FADA2C7934C6003A4B47 /* Preview Content */,
				AA20FADD2C7934C6003A4B47 /* whip.entitlements */,
			);
			path = whip;
			sourceTree = "<group>";
		};
		AA20FADA2C7934C6003A4B47 /* Preview Content */ = {
			isa = PBXGroup;
			children = (
				AA20FADB2C7934C6003A4B47 /* Preview Assets.xcassets */,
			);
			path = "Preview Content";
			sourceTree = "<group>";
		};
		AA490F6A2C83C71D007678F4 /* core */ = {
			isa = PBXGroup;
			children = (
				AA24E21F2C7A85B60027FD24 /* AppDelegate.swift */,
				AA24E2192C79EBFE0027FD24 /* AppState.swift */,
				AA20FAD22C7934C5003A4B47 /* Main.swift */,
			);
			path = core;
			sourceTree = "<group>";
		};
		AA490F6B2C83C732007678F4 /* views */ = {
			isa = PBXGroup;
			children = (
				AAEC56282C7938D300B753EF /* ContentView.swift */,
				AA922C452C80706600526465 /* OverlayContentView.swift */,
				AA8CA3502C7BC07600109135 /* SettingsView.swift */,
				AA24E2152C79D65B0027FD24 /* UsageStatisticsView.swift */,
				AAF6FF892C870B2D00EFCA47 /* RuleFormView.swift */,
			);
			path = views;
			sourceTree = "<group>";
		};
		AA490F6D2C83C75F007678F4 /* models */ = {
			isa = PBXGroup;
			children = (
				AA490F662C83C224007678F4 /* RuleFormData.swift */,
				AA490F682C83C230007678F4 /* RuleType.swift */,
				AA8CA34B2C7BBA4000109135 /* AppInfo.swift */,
				AA343D5E2C7E73EF007C818F /* AppUsage.swift */,
				AA490F5E2C83C0E0007678F4 /* Schedule.swift */,
				AA490F5C2C83C0D1007678F4 /* TimeLimit.swift */,
				AA8CA3532C7BC0A200109135 /* TrackedApp.swift */,
			);
			path = models;
			sourceTree = "<group>";
		};
		AA490F6E2C83C77F007678F4 /* services */ = {
			isa = PBXGroup;
			children = (
				AAEC56242C79389000B753EF /* BlockingService.swift */,
				AA343D552C7E6C3D007C818F /* RuleService.swift */,
				AAEC56222C79383800B753EF /* UsageTracker.swift */,
				AA84CE6D2C904D0D004BD89E /* HistoricalUsageService.swift */,
				AA84CE6F2C905397004BD89E /* AppInfoProvider.swift */,
			);
			path = services;
			sourceTree = "<group>";
		};
		AA490F6F2C83C795007678F4 /* storage */ = {
			isa = PBXGroup;
			children = (
				AA343D5A2C7E7195007C818F /* JSONPersistenceManager.swift */,
				AA343D582C7E6C74007C818F /* PersistenceManaging.swift */,
			);
			path = storage;
			sourceTree = "<group>";
		};
		AA490F702C83C7A5007678F4 /* uiComponents */ = {
			isa = PBXGroup;
			children = (
				AAE3D1742C832B8000D20CB3 /* AppSelector.swift */,
				AA490F582C83BF66007678F4 /* OverlayWindowDelegate.swift */,
				AA4726A32C7F1C4D00D1B735 /* OverlayWindow.swift */,
			);
			path = uiComponents;
			sourceTree = "<group>";
		};
		AA490F712C83C7BA007678F4 /* utils */ = {
			isa = PBXGroup;
			children = (
				AA24E2212C7A93250027FD24 /* ColorUtils.swift */,
				AA24E2172C79EA0A0027FD24 /* TimeUtils.swift */,
			);
			path = utils;
			sourceTree = "<group>";
		};
		AA490F722C83C817007678F4 /* extensions */ = {
			isa = PBXGroup;
			children = (
				AA490F732C83C825007678F4 /* NSImage.swift */,
			);
			path = extensions;
			sourceTree = "<group>";
		};
		AA490F752C83C9E1007678F4 /* viewModels */ = {
			isa = PBXGroup;
			children = (
				AA490F602C83C169007678F4 /* UsageStatisticsViewModel.swift */,
				AA490F5A2C83C028007678F4 /* SettingsViewModel.swift */,
			);
			path = viewModels;
			sourceTree = "<group>";
		};
/* End PBXGroup section */

/* Begin PBXNativeTarget section */
		AA20FACE2C7934C5003A4B47 /* whip */ = {
			isa = PBXNativeTarget;
			buildConfigurationList = AA20FAF62C7934C6003A4B47 /* Build configuration list for PBXNativeTarget "whip" */;
			buildPhases = (
				AA20FACB2C7934C5003A4B47 /* Sources */,
				AA20FACC2C7934C5003A4B47 /* Frameworks */,
				AA20FACD2C7934C5003A4B47 /* Resources */,
			);
			buildRules = (
			);
			dependencies = (
			);
			name = whip;
			productName = whip;
			productReference = AA20FACF2C7934C5003A4B47 /* whip.app */;
			productType = "com.apple.product-type.application";
		};
/* End PBXNativeTarget section */

/* Begin PBXProject section */
		AA20FAC72C7934C5003A4B47 /* Project object */ = {
			isa = PBXProject;
			attributes = {
				BuildIndependentTargetsInParallel = 1;
				LastSwiftUpdateCheck = 1540;
				LastUpgradeCheck = 1540;
				TargetAttributes = {
					AA20FACE2C7934C5003A4B47 = {
						CreatedOnToolsVersion = 15.4;
					};
				};
			};
			buildConfigurationList = AA20FACA2C7934C5003A4B47 /* Build configuration list for PBXProject "whip" */;
			compatibilityVersion = "Xcode 14.0";
			developmentRegion = en;
			hasScannedForEncodings = 0;
			knownRegions = (
				en,
				Base,
			);
			mainGroup = AA20FAC62C7934C5003A4B47;
			productRefGroup = AA20FAD02C7934C5003A4B47 /* Products */;
			projectDirPath = "";
			projectRoot = "";
			targets = (
				AA20FACE2C7934C5003A4B47 /* whip */,
			);
		};
/* End PBXProject section */

/* Begin PBXResourcesBuildPhase section */
		AA20FACD2C7934C5003A4B47 /* Resources */ = {
			isa = PBXResourcesBuildPhase;
			buildActionMask = 2147483647;
			files = (
				AA20FADC2C7934C6003A4B47 /* Preview Assets.xcassets in Resources */,
			);
			runOnlyForDeploymentPostprocessing = 0;
		};
/* End PBXResourcesBuildPhase section */

/* Begin PBXSourcesBuildPhase section */
		AA20FACB2C7934C5003A4B47 /* Sources */ = {
			isa = PBXSourcesBuildPhase;
			buildActionMask = 2147483647;
			files = (
				AA490F672C83C224007678F4 /* RuleFormData.swift in Sources */,
				AA343D562C7E6C3D007C818F /* RuleService.swift in Sources */,
				AA490F5F2C83C0E0007678F4 /* Schedule.swift in Sources */,
				AA490F742C83C825007678F4 /* NSImage.swift in Sources */,
				AAE3D1752C832B8000D20CB3 /* AppSelector.swift in Sources */,
				AAEC56292C7938D300B753EF /* ContentView.swift in Sources */,
				AA490F612C83C169007678F4 /* UsageStatisticsViewModel.swift in Sources */,
				AA343D592C7E6C74007C818F /* PersistenceManaging.swift in Sources */,
				AA24E2182C79EA0A0027FD24 /* TimeUtils.swift in Sources */,
				AA8CA34C2C7BBA4000109135 /* AppInfo.swift in Sources */,
				AA24E2202C7A85B60027FD24 /* AppDelegate.swift in Sources */,
				AA343D5B2C7E7195007C818F /* JSONPersistenceManager.swift in Sources */,
				AA490F592C83BF66007678F4 /* OverlayWindowDelegate.swift in Sources */,
				AA4726A42C7F1C4D00D1B735 /* OverlayWindow.swift in Sources */,
				AA84CE702C905397004BD89E /* AppInfoProvider.swift in Sources */,
				AA8CA3542C7BC0A200109135 /* TrackedApp.swift in Sources */,
				AA84CE6E2C904D0D004BD89E /* HistoricalUsageService.swift in Sources */,
				AA24E21A2C79EBFE0027FD24 /* AppState.swift in Sources */,
				AAF6FF8A2C870B2D00EFCA47 /* RuleFormView.swift in Sources */,
				AA922C462C80706600526465 /* OverlayContentView.swift in Sources */,
				AA490F5D2C83C0D1007678F4 /* TimeLimit.swift in Sources */,
				AAEC56232C79383800B753EF /* UsageTracker.swift in Sources */,
				AA343D5F2C7E73EF007C818F /* AppUsage.swift in Sources */,
				AA20FAD32C7934C5003A4B47 /* Main.swift in Sources */,
				AA24E2162C79D65B0027FD24 /* UsageStatisticsView.swift in Sources */,
				AA24E2222C7A93250027FD24 /* ColorUtils.swift in Sources */,
				AAEC56252C79389000B753EF /* BlockingService.swift in Sources */,
				AA8CA3512C7BC07600109135 /* SettingsView.swift in Sources */,
				AA490F5B2C83C028007678F4 /* SettingsViewModel.swift in Sources */,
				AA490F692C83C230007678F4 /* RuleType.swift in Sources */,
			);
			runOnlyForDeploymentPostprocessing = 0;
		};
/* End PBXSourcesBuildPhase section */

/* Begin XCBuildConfiguration section */
		AA20FAF42C7934C6003A4B47 /* Debug */ = {
			isa = XCBuildConfiguration;
			buildSettings = {
				ALWAYS_SEARCH_USER_PATHS = NO;
				ASSETCATALOG_COMPILER_GENERATE_SWIFT_ASSET_SYMBOL_EXTENSIONS = YES;
				CLANG_ANALYZER_NONNULL = YES;
				CLANG_ANALYZER_NUMBER_OBJECT_CONVERSION = YES_AGGRESSIVE;
				CLANG_CXX_LANGUAGE_STANDARD = "gnu++20";
				CLANG_ENABLE_MODULES = YES;
				CLANG_ENABLE_OBJC_ARC = YES;
				CLANG_ENABLE_OBJC_WEAK = YES;
				CLANG_WARN_BLOCK_CAPTURE_AUTORELEASING = YES;
				CLANG_WARN_BOOL_CONVERSION = YES;
				CLANG_WARN_COMMA = YES;
				CLANG_WARN_CONSTANT_CONVERSION = YES;
				CLANG_WARN_DEPRECATED_OBJC_IMPLEMENTATIONS = YES;
				CLANG_WARN_DIRECT_OBJC_ISA_USAGE = YES_ERROR;
				CLANG_WARN_DOCUMENTATION_COMMENTS = YES;
				CLANG_WARN_EMPTY_BODY = YES;
				CLANG_WARN_ENUM_CONVERSION = YES;
				CLANG_WARN_INFINITE_RECURSION = YES;
				CLANG_WARN_INT_CONVERSION = YES;
				CLANG_WARN_NON_LITERAL_NULL_CONVERSION = YES;
				CLANG_WARN_OBJC_IMPLICIT_RETAIN_SELF = YES;
				CLANG_WARN_OBJC_LITERAL_CONVERSION = YES;
				CLANG_WARN_OBJC_ROOT_CLASS = YES_ERROR;
				CLANG_WARN_QUOTED_INCLUDE_IN_FRAMEWORK_HEADER = YES;
				CLANG_WARN_RANGE_LOOP_ANALYSIS = YES;
				CLANG_WARN_STRICT_PROTOTYPES = YES;
				CLANG_WARN_SUSPICIOUS_MOVE = YES;
				CLANG_WARN_UNGUARDED_AVAILABILITY = YES_AGGRESSIVE;
				CLANG_WARN_UNREACHABLE_CODE = YES;
				CLANG_WARN__DUPLICATE_METHOD_MATCH = YES;
				COPY_PHASE_STRIP = NO;
				DEBUG_INFORMATION_FORMAT = dwarf;
				ENABLE_STRICT_OBJC_MSGSEND = YES;
				ENABLE_TESTABILITY = YES;
				ENABLE_USER_SCRIPT_SANDBOXING = YES;
				GCC_C_LANGUAGE_STANDARD = gnu17;
				GCC_DYNAMIC_NO_PIC = NO;
				GCC_NO_COMMON_BLOCKS = YES;
				GCC_OPTIMIZATION_LEVEL = 0;
				GCC_PREPROCESSOR_DEFINITIONS = (
					"DEBUG=1",
					"$(inherited)",
				);
				GCC_WARN_64_TO_32_BIT_CONVERSION = YES;
				GCC_WARN_ABOUT_RETURN_TYPE = YES_ERROR;
				GCC_WARN_UNDECLARED_SELECTOR = YES;
				GCC_WARN_UNINITIALIZED_AUTOS = YES_AGGRESSIVE;
				GCC_WARN_UNUSED_FUNCTION = YES;
				GCC_WARN_UNUSED_VARIABLE = YES;
				LOCALIZATION_PREFERS_STRING_CATALOGS = YES;
				MACOSX_DEPLOYMENT_TARGET = 14.5;
				MTL_ENABLE_DEBUG_INFO = INCLUDE_SOURCE;
				MTL_FAST_MATH = YES;
				ONLY_ACTIVE_ARCH = YES;
				SDKROOT = macosx;
				SWIFT_ACTIVE_COMPILATION_CONDITIONS = "DEBUG $(inherited)";
				SWIFT_OPTIMIZATION_LEVEL = "-Onone";
			};
			name = Debug;
		};
		AA20FAF52C7934C6003A4B47 /* Release */ = {
			isa = XCBuildConfiguration;
			buildSettings = {
				ALWAYS_SEARCH_USER_PATHS = NO;
				ASSETCATALOG_COMPILER_GENERATE_SWIFT_ASSET_SYMBOL_EXTENSIONS = YES;
				CLANG_ANALYZER_NONNULL = YES;
				CLANG_ANALYZER_NUMBER_OBJECT_CONVERSION = YES_AGGRESSIVE;
				CLANG_CXX_LANGUAGE_STANDARD = "gnu++20";
				CLANG_ENABLE_MODULES = YES;
				CLANG_ENABLE_OBJC_ARC = YES;
				CLANG_ENABLE_OBJC_WEAK = YES;
				CLANG_WARN_BLOCK_CAPTURE_AUTORELEASING = YES;
				CLANG_WARN_BOOL_CONVERSION = YES;
				CLANG_WARN_COMMA = YES;
				CLANG_WARN_CONSTANT_CONVERSION = YES;
				CLANG_WARN_DEPRECATED_OBJC_IMPLEMENTATIONS = YES;
				CLANG_WARN_DIRECT_OBJC_ISA_USAGE = YES_ERROR;
				CLANG_WARN_DOCUMENTATION_COMMENTS = YES;
				CLANG_WARN_EMPTY_BODY = YES;
				CLANG_WARN_ENUM_CONVERSION = YES;
				CLANG_WARN_INFINITE_RECURSION = YES;
				CLANG_WARN_INT_CONVERSION = YES;
				CLANG_WARN_NON_LITERAL_NULL_CONVERSION = YES;
				CLANG_WARN_OBJC_IMPLICIT_RETAIN_SELF = YES;
				CLANG_WARN_OBJC_LITERAL_CONVERSION = YES;
				CLANG_WARN_OBJC_ROOT_CLASS = YES_ERROR;
				CLANG_WARN_QUOTED_INCLUDE_IN_FRAMEWORK_HEADER = YES;
				CLANG_WARN_RANGE_LOOP_ANALYSIS = YES;
				CLANG_WARN_STRICT_PROTOTYPES = YES;
				CLANG_WARN_SUSPICIOUS_MOVE = YES;
				CLANG_WARN_UNGUARDED_AVAILABILITY = YES_AGGRESSIVE;
				CLANG_WARN_UNREACHABLE_CODE = YES;
				CLANG_WARN__DUPLICATE_METHOD_MATCH = YES;
				COPY_PHASE_STRIP = NO;
				DEBUG_INFORMATION_FORMAT = "dwarf-with-dsym";
				ENABLE_NS_ASSERTIONS = NO;
				ENABLE_STRICT_OBJC_MSGSEND = YES;
				ENABLE_USER_SCRIPT_SANDBOXING = YES;
				GCC_C_LANGUAGE_STANDARD = gnu17;
				GCC_NO_COMMON_BLOCKS = YES;
				GCC_WARN_64_TO_32_BIT_CONVERSION = YES;
				GCC_WARN_ABOUT_RETURN_TYPE = YES_ERROR;
				GCC_WARN_UNDECLARED_SELECTOR = YES;
				GCC_WARN_UNINITIALIZED_AUTOS = YES_AGGRESSIVE;
				GCC_WARN_UNUSED_FUNCTION = YES;
				GCC_WARN_UNUSED_VARIABLE = YES;
				LOCALIZATION_PREFERS_STRING_CATALOGS = YES;
				MACOSX_DEPLOYMENT_TARGET = 14.5;
				MTL_ENABLE_DEBUG_INFO = NO;
				MTL_FAST_MATH = YES;
				SDKROOT = macosx;
				SWIFT_COMPILATION_MODE = wholemodule;
			};
			name = Release;
		};
		AA20FAF72C7934C6003A4B47 /* Debug */ = {
			isa = XCBuildConfiguration;
			buildSettings = {
				ASSETCATALOG_COMPILER_APPICON_NAME = AppIcon;
				ASSETCATALOG_COMPILER_GLOBAL_ACCENT_COLOR_NAME = AccentColor;
				CODE_SIGN_ENTITLEMENTS = whip/whip.entitlements;
				CODE_SIGN_STYLE = Automatic;
				COMBINE_HIDPI_IMAGES = YES;
				CURRENT_PROJECT_VERSION = 1;
				DEVELOPMENT_ASSET_PATHS = "\"whip/Preview Content\"";
				DEVELOPMENT_TEAM = V9PSJ493UP;
				ENABLE_HARDENED_RUNTIME = YES;
				ENABLE_PREVIEWS = YES;
				GENERATE_INFOPLIST_FILE = YES;
				INFOPLIST_KEY_CFBundleDisplayName = Whip;
				INFOPLIST_KEY_LSApplicationCategoryType = "public.app-category.productivity";
				INFOPLIST_KEY_NSHumanReadableCopyright = "";
				LD_RUNPATH_SEARCH_PATHS = (
					"$(inherited)",
					"@executable_path/../Frameworks",
				);
				MACOSX_DEPLOYMENT_TARGET = 14.0;
				MARKETING_VERSION = 1.0;
				PRODUCT_BUNDLE_IDENTIFIER = dev.fratta.whip;
				PRODUCT_NAME = "$(TARGET_NAME)";
				SWIFT_EMIT_LOC_STRINGS = YES;
				SWIFT_VERSION = 5.0;
			};
			name = Debug;
		};
		AA20FAF82C7934C6003A4B47 /* Release */ = {
			isa = XCBuildConfiguration;
			buildSettings = {
				ASSETCATALOG_COMPILER_APPICON_NAME = AppIcon;
				ASSETCATALOG_COMPILER_GLOBAL_ACCENT_COLOR_NAME = AccentColor;
				CODE_SIGN_ENTITLEMENTS = whip/whip.entitlements;
				CODE_SIGN_STYLE = Automatic;
				COMBINE_HIDPI_IMAGES = YES;
				CURRENT_PROJECT_VERSION = 1;
				DEVELOPMENT_ASSET_PATHS = "\"whip/Preview Content\"";
				DEVELOPMENT_TEAM = V9PSJ493UP;
				ENABLE_HARDENED_RUNTIME = YES;
				ENABLE_PREVIEWS = YES;
				GENERATE_INFOPLIST_FILE = YES;
				INFOPLIST_KEY_CFBundleDisplayName = Whip;
				INFOPLIST_KEY_LSApplicationCategoryType = "public.app-category.productivity";
				INFOPLIST_KEY_NSHumanReadableCopyright = "";
				LD_RUNPATH_SEARCH_PATHS = (
					"$(inherited)",
					"@executable_path/../Frameworks",
				);
				MACOSX_DEPLOYMENT_TARGET = 14.0;
				MARKETING_VERSION = 1.0;
				PRODUCT_BUNDLE_IDENTIFIER = dev.fratta.whip;
				PRODUCT_NAME = "$(TARGET_NAME)";
				SWIFT_EMIT_LOC_STRINGS = YES;
				SWIFT_VERSION = 5.0;
			};
			name = Release;
		};
/* End XCBuildConfiguration section */

/* Begin XCConfigurationList section */
		AA20FACA2C7934C5003A4B47 /* Build configuration list for PBXProject "whip" */ = {
			isa = XCConfigurationList;
			buildConfigurations = (
				AA20FAF42C7934C6003A4B47 /* Debug */,
				AA20FAF52C7934C6003A4B47 /* Release */,
			);
			defaultConfigurationIsVisible = 0;
			defaultConfigurationName = Release;
		};
		AA20FAF62C7934C6003A4B47 /* Build configuration list for PBXNativeTarget "whip" */ = {
			isa = XCConfigurationList;
			buildConfigurations = (
				AA20FAF72C7934C6003A4B47 /* Debug */,
				AA20FAF82C7934C6003A4B47 /* Release */,
			);
			defaultConfigurationIsVisible = 0;
			defaultConfigurationName = Release;
		};
/* End XCConfigurationList section */
	};
	rootObject = AA20FAC72C7934C5003A4B47 /* Project object */;
}
